// !$*UTF8*$!
{
	archiveVersion = 1;
	classes = {
	};
	objectVersion = 45;
	objects = {

/* Begin PBXBuildFile section */
		1DDD58160DA1D0A300B32029 /* MainMenu.xib in Resources */ = {isa = PBXBuildFile; fileRef = 1DDD58140DA1D0A300B32029 /* MainMenu.xib */; };
		1E261B5E118FBEE300255E94 /* CDataScanner.m in Sources */ = {isa = PBXBuildFile; fileRef = 1E261B49118FBEE300255E94 /* CDataScanner.m */; };
		1E261B5F118FBEE300255E94 /* CDataScanner_Extensions.m in Sources */ = {isa = PBXBuildFile; fileRef = 1E261B4C118FBEE300255E94 /* CDataScanner_Extensions.m */; };
		1E261B60118FBEE300255E94 /* NSCharacterSet_Extensions.m in Sources */ = {isa = PBXBuildFile; fileRef = 1E261B4E118FBEE300255E94 /* NSCharacterSet_Extensions.m */; };
		1E261B61118FBEE300255E94 /* NSDictionary_JSONExtensions.m in Sources */ = {isa = PBXBuildFile; fileRef = 1E261B50118FBEE300255E94 /* NSDictionary_JSONExtensions.m */; };
		1E261B62118FBEE300255E94 /* NSScanner_Extensions.m in Sources */ = {isa = PBXBuildFile; fileRef = 1E261B52118FBEE300255E94 /* NSScanner_Extensions.m */; };
		1E261B63118FBEE300255E94 /* CJSONDataSerializer.m in Sources */ = {isa = PBXBuildFile; fileRef = 1E261B55118FBEE300255E94 /* CJSONDataSerializer.m */; };
		1E261B64118FBEE300255E94 /* CJSONDeserializer.m in Sources */ = {isa = PBXBuildFile; fileRef = 1E261B57118FBEE300255E94 /* CJSONDeserializer.m */; };
		1E261B65118FBEE300255E94 /* CJSONScanner.m in Sources */ = {isa = PBXBuildFile; fileRef = 1E261B59118FBEE300255E94 /* CJSONScanner.m */; };
		1E261B66118FBEE300255E94 /* CJSONSerializer.m in Sources */ = {isa = PBXBuildFile; fileRef = 1E261B5B118FBEE300255E94 /* CJSONSerializer.m */; };
		1E261B67118FBEE300255E94 /* CSerializedJSONData.m in Sources */ = {isa = PBXBuildFile; fileRef = 1E261B5D118FBEE300255E94 /* CSerializedJSONData.m */; };
		1E261BC9118FBF1B00255E94 /* AsyncSocket Documentation.html in Resources */ = {isa = PBXBuildFile; fileRef = 1E261B9D118FBF1B00255E94 /* AsyncSocket Documentation.html */; };
		1E261BCA118FBF1B00255E94 /* AsyncSocket.m in Sources */ = {isa = PBXBuildFile; fileRef = 1E261B9F118FBF1B00255E94 /* AsyncSocket.m */; };
		1E261BCB118FBF1B00255E94 /* AsyncUdpSocket.m in Sources */ = {isa = PBXBuildFile; fileRef = 1E261BA1118FBF1B00255E94 /* AsyncUdpSocket.m */; };
		1E261BCC118FBF1B00255E94 /* changes.txt in Resources */ = {isa = PBXBuildFile; fileRef = 1E261BA2118FBF1B00255E94 /* changes.txt */; };
		1E261BD2118FBF1B00255E94 /* WebSocket.m in Sources */ = {isa = PBXBuildFile; fileRef = 1E261BAB118FBF1B00255E94 /* WebSocket.m */; };
		1E261BE4118FC03F00255E94 /* CBBoxcarService.m in Sources */ = {isa = PBXBuildFile; fileRef = 1E261BE3118FC03F00255E94 /* CBBoxcarService.m */; };
		1E261C4A118FC99C00255E94 /* CoreFoundation.framework in Frameworks */ = {isa = PBXBuildFile; fileRef = 1E261C49118FC99B00255E94 /* CoreFoundation.framework */; };
		1E261C8D118FD10E00255E94 /* Growl.framework in Frameworks */ = {isa = PBXBuildFile; fileRef = 1E261C8C118FD10E00255E94 /* Growl.framework */; };
		1E261C91118FD11100255E94 /* Growl.framework in Copy Frameworks */ = {isa = PBXBuildFile; fileRef = 1E261C8C118FD10E00255E94 /* Growl.framework */; };
		1E261C99118FD13700255E94 /* Growl Registration Ticket.growlRegDict in Resources */ = {isa = PBXBuildFile; fileRef = 1E261C98118FD13700255E94 /* Growl Registration Ticket.growlRegDict */; };
		1EA571C812A39EEF00292D1A /* libcrypto.dylib in Frameworks */ = {isa = PBXBuildFile; fileRef = 1EA571C712A39EEF00292D1A /* libcrypto.dylib */; };
		256AC3DA0F4B6AC300CF3369 /* CabooseAppDelegate.m in Sources */ = {isa = PBXBuildFile; fileRef = 256AC3D90F4B6AC300CF3369 /* CabooseAppDelegate.m */; };
		8D11072B0486CEB800E47090 /* InfoPlist.strings in Resources */ = {isa = PBXBuildFile; fileRef = 089C165CFE840E0CC02AAC07 /* InfoPlist.strings */; };
		8D11072D0486CEB800E47090 /* main.m in Sources */ = {isa = PBXBuildFile; fileRef = 29B97316FDCFA39411CA2CEA /* main.m */; settings = {ATTRIBUTES = (); }; };
		8D11072F0486CEB800E47090 /* Cocoa.framework in Frameworks */ = {isa = PBXBuildFile; fileRef = 1058C7A1FEA54F0111CA2CBB /* Cocoa.framework */; };
/* End PBXBuildFile section */

/* Begin PBXCopyFilesBuildPhase section */
		1E261C90118FD10E00255E94 /* Copy Frameworks */ = {
			isa = PBXCopyFilesBuildPhase;
			buildActionMask = 2147483647;
			dstPath = "";
			dstSubfolderSpec = 10;
			files = (
				1E261C91118FD11100255E94 /* Growl.framework in Copy Frameworks */,
			);
			name = "Copy Frameworks";
			runOnlyForDeploymentPostprocessing = 0;
		};
/* End PBXCopyFilesBuildPhase section */

/* Begin PBXFileReference section */
		089C165DFE840E0CC02AAC07 /* English */ = {isa = PBXFileReference; fileEncoding = 4; lastKnownFileType = text.plist.strings; name = English; path = English.lproj/InfoPlist.strings; sourceTree = "<group>"; };
		1058C7A1FEA54F0111CA2CBB /* Cocoa.framework */ = {isa = PBXFileReference; lastKnownFileType = wrapper.framework; name = Cocoa.framework; path = /System/Library/Frameworks/Cocoa.framework; sourceTree = "<absolute>"; };
		13E42FB307B3F0F600E4EEF1 /* CoreData.framework */ = {isa = PBXFileReference; lastKnownFileType = wrapper.framework; name = CoreData.framework; path = /System/Library/Frameworks/CoreData.framework; sourceTree = "<absolute>"; };
		1DDD58150DA1D0A300B32029 /* English */ = {isa = PBXFileReference; lastKnownFileType = file.xib; name = English; path = English.lproj/MainMenu.xib; sourceTree = "<group>"; };
		1E261B48118FBEE300255E94 /* CDataScanner.h */ = {isa = PBXFileReference; fileEncoding = 4; lastKnownFileType = sourcecode.c.h; name = CDataScanner.h; path = Source/CDataScanner.h; sourceTree = "<group>"; };
		1E261B49118FBEE300255E94 /* CDataScanner.m */ = {isa = PBXFileReference; fileEncoding = 4; lastKnownFileType = sourcecode.c.objc; name = CDataScanner.m; path = Source/CDataScanner.m; sourceTree = "<group>"; };
		1E261B4B118FBEE300255E94 /* CDataScanner_Extensions.h */ = {isa = PBXFileReference; fileEncoding = 4; lastKnownFileType = sourcecode.c.h; path = CDataScanner_Extensions.h; sourceTree = "<group>"; };
		1E261B4C118FBEE300255E94 /* CDataScanner_Extensions.m */ = {isa = PBXFileReference; fileEncoding = 4; lastKnownFileType = sourcecode.c.objc; path = CDataScanner_Extensions.m; sourceTree = "<group>"; };
		1E261B4D118FBEE300255E94 /* NSCharacterSet_Extensions.h */ = {isa = PBXFileReference; fileEncoding = 4; lastKnownFileType = sourcecode.c.h; path = NSCharacterSet_Extensions.h; sourceTree = "<group>"; };
		1E261B4E118FBEE300255E94 /* NSCharacterSet_Extensions.m */ = {isa = PBXFileReference; fileEncoding = 4; lastKnownFileType = sourcecode.c.objc; path = NSCharacterSet_Extensions.m; sourceTree = "<group>"; };
		1E261B4F118FBEE300255E94 /* NSDictionary_JSONExtensions.h */ = {isa = PBXFileReference; fileEncoding = 4; lastKnownFileType = sourcecode.c.h; path = NSDictionary_JSONExtensions.h; sourceTree = "<group>"; };
		1E261B50118FBEE300255E94 /* NSDictionary_JSONExtensions.m */ = {isa = PBXFileReference; fileEncoding = 4; lastKnownFileType = sourcecode.c.objc; path = NSDictionary_JSONExtensions.m; sourceTree = "<group>"; };
		1E261B51118FBEE300255E94 /* NSScanner_Extensions.h */ = {isa = PBXFileReference; fileEncoding = 4; lastKnownFileType = sourcecode.c.h; path = NSScanner_Extensions.h; sourceTree = "<group>"; };
		1E261B52118FBEE300255E94 /* NSScanner_Extensions.m */ = {isa = PBXFileReference; fileEncoding = 4; lastKnownFileType = sourcecode.c.objc; path = NSScanner_Extensions.m; sourceTree = "<group>"; };
		1E261B54118FBEE300255E94 /* CJSONDataSerializer.h */ = {isa = PBXFileReference; fileEncoding = 4; lastKnownFileType = sourcecode.c.h; path = CJSONDataSerializer.h; sourceTree = "<group>"; };
		1E261B55118FBEE300255E94 /* CJSONDataSerializer.m */ = {isa = PBXFileReference; fileEncoding = 4; lastKnownFileType = sourcecode.c.objc; path = CJSONDataSerializer.m; sourceTree = "<group>"; };
		1E261B56118FBEE300255E94 /* CJSONDeserializer.h */ = {isa = PBXFileReference; fileEncoding = 4; lastKnownFileType = sourcecode.c.h; path = CJSONDeserializer.h; sourceTree = "<group>"; };
		1E261B57118FBEE300255E94 /* CJSONDeserializer.m */ = {isa = PBXFileReference; fileEncoding = 4; lastKnownFileType = sourcecode.c.objc; path = CJSONDeserializer.m; sourceTree = "<group>"; };
		1E261B58118FBEE300255E94 /* CJSONScanner.h */ = {isa = PBXFileReference; fileEncoding = 4; lastKnownFileType = sourcecode.c.h; path = CJSONScanner.h; sourceTree = "<group>"; };
		1E261B59118FBEE300255E94 /* CJSONScanner.m */ = {isa = PBXFileReference; fileEncoding = 4; lastKnownFileType = sourcecode.c.objc; path = CJSONScanner.m; sourceTree = "<group>"; };
		1E261B5A118FBEE300255E94 /* CJSONSerializer.h */ = {isa = PBXFileReference; fileEncoding = 4; lastKnownFileType = sourcecode.c.h; path = CJSONSerializer.h; sourceTree = "<group>"; };
		1E261B5B118FBEE300255E94 /* CJSONSerializer.m */ = {isa = PBXFileReference; fileEncoding = 4; lastKnownFileType = sourcecode.c.objc; path = CJSONSerializer.m; sourceTree = "<group>"; };
		1E261B5C118FBEE300255E94 /* CSerializedJSONData.h */ = {isa = PBXFileReference; fileEncoding = 4; lastKnownFileType = sourcecode.c.h; path = CSerializedJSONData.h; sourceTree = "<group>"; };
		1E261B5D118FBEE300255E94 /* CSerializedJSONData.m */ = {isa = PBXFileReference; fileEncoding = 4; lastKnownFileType = sourcecode.c.objc; path = CSerializedJSONData.m; sourceTree = "<group>"; };
		1E261B9D118FBF1B00255E94 /* AsyncSocket Documentation.html */ = {isa = PBXFileReference; fileEncoding = 4; lastKnownFileType = text.html; path = "AsyncSocket Documentation.html"; sourceTree = "<group>"; };
		1E261B9E118FBF1B00255E94 /* AsyncSocket.h */ = {isa = PBXFileReference; fileEncoding = 4; lastKnownFileType = sourcecode.c.h; path = AsyncSocket.h; sourceTree = "<group>"; };
		1E261B9F118FBF1B00255E94 /* AsyncSocket.m */ = {isa = PBXFileReference; fileEncoding = 4; lastKnownFileType = sourcecode.c.objc; path = AsyncSocket.m; sourceTree = "<group>"; };
		1E261BA0118FBF1B00255E94 /* AsyncUdpSocket.h */ = {isa = PBXFileReference; fileEncoding = 4; lastKnownFileType = sourcecode.c.h; path = AsyncUdpSocket.h; sourceTree = "<group>"; };
		1E261BA1118FBF1B00255E94 /* AsyncUdpSocket.m */ = {isa = PBXFileReference; fileEncoding = 4; lastKnownFileType = sourcecode.c.objc; path = AsyncUdpSocket.m; sourceTree = "<group>"; };
		1E261BA2118FBF1B00255E94 /* changes.txt */ = {isa = PBXFileReference; fileEncoding = 4; lastKnownFileType = text; path = changes.txt; sourceTree = "<group>"; };
		1E261BAA118FBF1B00255E94 /* WebSocket.h */ = {isa = PBXFileReference; fileEncoding = 4; lastKnownFileType = sourcecode.c.h; path = WebSocket.h; sourceTree = "<group>"; };
		1E261BAB118FBF1B00255E94 /* WebSocket.m */ = {isa = PBXFileReference; fileEncoding = 4; lastKnownFileType = sourcecode.c.objc; path = WebSocket.m; sourceTree = "<group>"; };
		1E261BE2118FC03F00255E94 /* CBBoxcarService.h */ = {isa = PBXFileReference; fileEncoding = 4; lastKnownFileType = sourcecode.c.h; path = CBBoxcarService.h; sourceTree = "<group>"; };
		1E261BE3118FC03F00255E94 /* CBBoxcarService.m */ = {isa = PBXFileReference; fileEncoding = 4; lastKnownFileType = sourcecode.c.objc; path = CBBoxcarService.m; sourceTree = "<group>"; };
		1E261C49118FC99B00255E94 /* CoreFoundation.framework */ = {isa = PBXFileReference; lastKnownFileType = wrapper.framework; name = CoreFoundation.framework; path = System/Library/Frameworks/CoreFoundation.framework; sourceTree = SDKROOT; };
		1E261C8C118FD10E00255E94 /* Growl.framework */ = {isa = PBXFileReference; lastKnownFileType = wrapper.framework; path = Growl.framework; sourceTree = "<group>"; };
		1E261C98118FD13700255E94 /* Growl Registration Ticket.growlRegDict */ = {isa = PBXFileReference; fileEncoding = 4; lastKnownFileType = text.xml; path = "Growl Registration Ticket.growlRegDict"; sourceTree = "<group>"; };
		1EA571C712A39EEF00292D1A /* libcrypto.dylib */ = {isa = PBXFileReference; lastKnownFileType = "compiled.mach-o.dylib"; name = libcrypto.dylib; path = usr/lib/libcrypto.dylib; sourceTree = SDKROOT; };
		256AC3D80F4B6AC300CF3369 /* CabooseAppDelegate.h */ = {isa = PBXFileReference; fileEncoding = 4; lastKnownFileType = sourcecode.c.h; path = CabooseAppDelegate.h; sourceTree = "<group>"; };
		256AC3D90F4B6AC300CF3369 /* CabooseAppDelegate.m */ = {isa = PBXFileReference; fileEncoding = 4; lastKnownFileType = sourcecode.c.objc; path = CabooseAppDelegate.m; sourceTree = "<group>"; };
		256AC3F00F4B6AF500CF3369 /* Caboose_Prefix.pch */ = {isa = PBXFileReference; fileEncoding = 4; lastKnownFileType = sourcecode.c.h; path = Caboose_Prefix.pch; sourceTree = "<group>"; };
		29B97316FDCFA39411CA2CEA /* main.m */ = {isa = PBXFileReference; fileEncoding = 4; lastKnownFileType = sourcecode.c.objc; path = main.m; sourceTree = "<group>"; };
		29B97324FDCFA39411CA2CEA /* AppKit.framework */ = {isa = PBXFileReference; lastKnownFileType = wrapper.framework; name = AppKit.framework; path = /System/Library/Frameworks/AppKit.framework; sourceTree = "<absolute>"; };
		29B97325FDCFA39411CA2CEA /* Foundation.framework */ = {isa = PBXFileReference; lastKnownFileType = wrapper.framework; name = Foundation.framework; path = /System/Library/Frameworks/Foundation.framework; sourceTree = "<absolute>"; };
		8D1107310486CEB800E47090 /* Caboose-Info.plist */ = {isa = PBXFileReference; fileEncoding = 4; lastKnownFileType = text.plist.xml; path = "Caboose-Info.plist"; sourceTree = "<group>"; };
		8D1107320486CEB800E47090 /* Caboose.app */ = {isa = PBXFileReference; explicitFileType = wrapper.application; includeInIndex = 0; path = Caboose.app; sourceTree = BUILT_PRODUCTS_DIR; };
/* End PBXFileReference section */

/* Begin PBXFrameworksBuildPhase section */
		8D11072E0486CEB800E47090 /* Frameworks */ = {
			isa = PBXFrameworksBuildPhase;
			buildActionMask = 2147483647;
			files = (
				8D11072F0486CEB800E47090 /* Cocoa.framework in Frameworks */,
				1E261C4A118FC99C00255E94 /* CoreFoundation.framework in Frameworks */,
				1E261C8D118FD10E00255E94 /* Growl.framework in Frameworks */,
				1EA571C812A39EEF00292D1A /* libcrypto.dylib in Frameworks */,
			);
			runOnlyForDeploymentPostprocessing = 0;
		};
/* End PBXFrameworksBuildPhase section */

/* Begin PBXGroup section */
		080E96DDFE201D6D7F000001 /* Classes */ = {
			isa = PBXGroup;
			children = (
				256AC3D80F4B6AC300CF3369 /* CabooseAppDelegate.h */,
				256AC3D90F4B6AC300CF3369 /* CabooseAppDelegate.m */,
				1E261BE2118FC03F00255E94 /* CBBoxcarService.h */,
				1E261BE3118FC03F00255E94 /* CBBoxcarService.m */,
			);
			name = Classes;
			sourceTree = "<group>";
		};
		1058C7A0FEA54F0111CA2CBB /* Linked Frameworks */ = {
			isa = PBXGroup;
			children = (
				1058C7A1FEA54F0111CA2CBB /* Cocoa.framework */,
			);
			name = "Linked Frameworks";
			sourceTree = "<group>";
		};
		1058C7A2FEA54F0111CA2CBB /* Other Frameworks */ = {
			isa = PBXGroup;
			children = (
				29B97324FDCFA39411CA2CEA /* AppKit.framework */,
				13E42FB307B3F0F600E4EEF1 /* CoreData.framework */,
				29B97325FDCFA39411CA2CEA /* Foundation.framework */,
			);
			name = "Other Frameworks";
			sourceTree = "<group>";
		};
		19C28FACFE9D520D11CA2CBB /* Products */ = {
			isa = PBXGroup;
			children = (
				8D1107320486CEB800E47090 /* Caboose.app */,
			);
			name = Products;
			sourceTree = "<group>";
		};
		1E261B44118FBE9E00255E94 /* Dependencies */ = {
			isa = PBXGroup;
			children = (
				1E261C8C118FD10E00255E94 /* Growl.framework */,
				1E261B76118FBF1A00255E94 /* WebSocket */,
				1E261B47118FBECE00255E94 /* TouchJSON */,
			);
			path = Dependencies;
			sourceTree = "<group>";
		};
		1E261B47118FBECE00255E94 /* TouchJSON */ = {
			isa = PBXGroup;
			children = (
				1E261B48118FBEE300255E94 /* CDataScanner.h */,
				1E261B49118FBEE300255E94 /* CDataScanner.m */,
				1E261B4A118FBEE300255E94 /* Extensions */,
				1E261B53118FBEE300255E94 /* JSON */,
			);
			path = TouchJSON;
			sourceTree = "<group>";
		};
		1E261B4A118FBEE300255E94 /* Extensions */ = {
			isa = PBXGroup;
			children = (
				1E261B4B118FBEE300255E94 /* CDataScanner_Extensions.h */,
				1E261B4C118FBEE300255E94 /* CDataScanner_Extensions.m */,
				1E261B4D118FBEE300255E94 /* NSCharacterSet_Extensions.h */,
				1E261B4E118FBEE300255E94 /* NSCharacterSet_Extensions.m */,
				1E261B4F118FBEE300255E94 /* NSDictionary_JSONExtensions.h */,
				1E261B50118FBEE300255E94 /* NSDictionary_JSONExtensions.m */,
				1E261B51118FBEE300255E94 /* NSScanner_Extensions.h */,
				1E261B52118FBEE300255E94 /* NSScanner_Extensions.m */,
			);
			name = Extensions;
			path = Source/Extensions;
			sourceTree = "<group>";
		};
		1E261B53118FBEE300255E94 /* JSON */ = {
			isa = PBXGroup;
			children = (
				1E261B54118FBEE300255E94 /* CJSONDataSerializer.h */,
				1E261B55118FBEE300255E94 /* CJSONDataSerializer.m */,
				1E261B56118FBEE300255E94 /* CJSONDeserializer.h */,
				1E261B57118FBEE300255E94 /* CJSONDeserializer.m */,
				1E261B58118FBEE300255E94 /* CJSONScanner.h */,
				1E261B59118FBEE300255E94 /* CJSONScanner.m */,
				1E261B5A118FBEE300255E94 /* CJSONSerializer.h */,
				1E261B5B118FBEE300255E94 /* CJSONSerializer.m */,
				1E261B5C118FBEE300255E94 /* CSerializedJSONData.h */,
				1E261B5D118FBEE300255E94 /* CSerializedJSONData.m */,
			);
			name = JSON;
			path = Source/JSON;
			sourceTree = "<group>";
		};
		1E261B76118FBF1A00255E94 /* WebSocket */ = {
			isa = PBXGroup;
			children = (
				1E261B9C118FBF1B00255E94 /* AsyncSocket */,
				1E261BAA118FBF1B00255E94 /* WebSocket.h */,
				1E261BAB118FBF1B00255E94 /* WebSocket.m */,
			);
			path = WebSocket;
			sourceTree = "<group>";
		};
		1E261B9C118FBF1B00255E94 /* AsyncSocket */ = {
			isa = PBXGroup;
			children = (
				1E261B9D118FBF1B00255E94 /* AsyncSocket Documentation.html */,
				1E261B9E118FBF1B00255E94 /* AsyncSocket.h */,
				1E261B9F118FBF1B00255E94 /* AsyncSocket.m */,
				1E261BA0118FBF1B00255E94 /* AsyncUdpSocket.h */,
				1E261BA1118FBF1B00255E94 /* AsyncUdpSocket.m */,
				1E261BA2118FBF1B00255E94 /* changes.txt */,
			);
			path = AsyncSocket;
			sourceTree = "<group>";
		};
		29B97314FDCFA39411CA2CEA /* Caboose */ = {
			isa = PBXGroup;
			children = (
				1E261B44118FBE9E00255E94 /* Dependencies */,
				080E96DDFE201D6D7F000001 /* Classes */,
				29B97315FDCFA39411CA2CEA /* Other Sources */,
				29B97317FDCFA39411CA2CEA /* Resources */,
				29B97323FDCFA39411CA2CEA /* Frameworks */,
				19C28FACFE9D520D11CA2CBB /* Products */,
				1E261C49118FC99B00255E94 /* CoreFoundation.framework */,
				1EA571C712A39EEF00292D1A /* libcrypto.dylib */,
			);
			name = Caboose;
			sourceTree = "<group>";
		};
		29B97315FDCFA39411CA2CEA /* Other Sources */ = {
			isa = PBXGroup;
			children = (
				1E261C98118FD13700255E94 /* Growl Registration Ticket.growlRegDict */,
				256AC3F00F4B6AF500CF3369 /* Caboose_Prefix.pch */,
				29B97316FDCFA39411CA2CEA /* main.m */,
			);
			name = "Other Sources";
			sourceTree = "<group>";
		};
		29B97317FDCFA39411CA2CEA /* Resources */ = {
			isa = PBXGroup;
			children = (
				8D1107310486CEB800E47090 /* Caboose-Info.plist */,
				089C165CFE840E0CC02AAC07 /* InfoPlist.strings */,
				1DDD58140DA1D0A300B32029 /* MainMenu.xib */,
			);
			name = Resources;
			sourceTree = "<group>";
		};
		29B97323FDCFA39411CA2CEA /* Frameworks */ = {
			isa = PBXGroup;
			children = (
				1058C7A0FEA54F0111CA2CBB /* Linked Frameworks */,
				1058C7A2FEA54F0111CA2CBB /* Other Frameworks */,
			);
			name = Frameworks;
			sourceTree = "<group>";
		};
/* End PBXGroup section */

/* Begin PBXNativeTarget section */
		8D1107260486CEB800E47090 /* Caboose */ = {
			isa = PBXNativeTarget;
			buildConfigurationList = C01FCF4A08A954540054247B /* Build configuration list for PBXNativeTarget "Caboose" */;
			buildPhases = (
				1E261C90118FD10E00255E94 /* Copy Frameworks */,
				8D1107290486CEB800E47090 /* Resources */,
				8D11072C0486CEB800E47090 /* Sources */,
				8D11072E0486CEB800E47090 /* Frameworks */,
			);
			buildRules = (
			);
			dependencies = (
			);
			name = Caboose;
			productInstallPath = "$(HOME)/Applications";
			productName = Caboose;
			productReference = 8D1107320486CEB800E47090 /* Caboose.app */;
			productType = "com.apple.product-type.application";
		};
/* End PBXNativeTarget section */

/* Begin PBXProject section */
		29B97313FDCFA39411CA2CEA /* Project object */ = {
			isa = PBXProject;
			buildConfigurationList = C01FCF4E08A954540054247B /* Build configuration list for PBXProject "Caboose" */;
			compatibilityVersion = "Xcode 3.1";
			developmentRegion = English;
			hasScannedForEncodings = 1;
			knownRegions = (
				English,
				Japanese,
				French,
				German,
			);
			mainGroup = 29B97314FDCFA39411CA2CEA /* Caboose */;
			projectDirPath = "";
			projectRoot = "";
			targets = (
				8D1107260486CEB800E47090 /* Caboose */,
			);
		};
/* End PBXProject section */

/* Begin PBXResourcesBuildPhase section */
		8D1107290486CEB800E47090 /* Resources */ = {
			isa = PBXResourcesBuildPhase;
			buildActionMask = 2147483647;
			files = (
				8D11072B0486CEB800E47090 /* InfoPlist.strings in Resources */,
				1DDD58160DA1D0A300B32029 /* MainMenu.xib in Resources */,
				1E261BC9118FBF1B00255E94 /* AsyncSocket Documentation.html in Resources */,
				1E261BCC118FBF1B00255E94 /* changes.txt in Resources */,
				1E261C99118FD13700255E94 /* Growl Registration Ticket.growlRegDict in Resources */,
			);
			runOnlyForDeploymentPostprocessing = 0;
		};
/* End PBXResourcesBuildPhase section */

/* Begin PBXSourcesBuildPhase section */
		8D11072C0486CEB800E47090 /* Sources */ = {
			isa = PBXSourcesBuildPhase;
			buildActionMask = 2147483647;
			files = (
				8D11072D0486CEB800E47090 /* main.m in Sources */,
				256AC3DA0F4B6AC300CF3369 /* CabooseAppDelegate.m in Sources */,
				1E261B5E118FBEE300255E94 /* CDataScanner.m in Sources */,
				1E261B5F118FBEE300255E94 /* CDataScanner_Extensions.m in Sources */,
				1E261B60118FBEE300255E94 /* NSCharacterSet_Extensions.m in Sources */,
				1E261B61118FBEE300255E94 /* NSDictionary_JSONExtensions.m in Sources */,
				1E261B62118FBEE300255E94 /* NSScanner_Extensions.m in Sources */,
				1E261B63118FBEE300255E94 /* CJSONDataSerializer.m in Sources */,
				1E261B64118FBEE300255E94 /* CJSONDeserializer.m in Sources */,
				1E261B65118FBEE300255E94 /* CJSONScanner.m in Sources */,
				1E261B66118FBEE300255E94 /* CJSONSerializer.m in Sources */,
				1E261B67118FBEE300255E94 /* CSerializedJSONData.m in Sources */,
				1E261BCA118FBF1B00255E94 /* AsyncSocket.m in Sources */,
				1E261BCB118FBF1B00255E94 /* AsyncUdpSocket.m in Sources */,
				1E261BD2118FBF1B00255E94 /* WebSocket.m in Sources */,
				1E261BE4118FC03F00255E94 /* CBBoxcarService.m in Sources */,
			);
			runOnlyForDeploymentPostprocessing = 0;
		};
/* End PBXSourcesBuildPhase section */

/* Begin PBXVariantGroup section */
		089C165CFE840E0CC02AAC07 /* InfoPlist.strings */ = {
			isa = PBXVariantGroup;
			children = (
				089C165DFE840E0CC02AAC07 /* English */,
			);
			name = InfoPlist.strings;
			sourceTree = "<group>";
		};
		1DDD58140DA1D0A300B32029 /* MainMenu.xib */ = {
			isa = PBXVariantGroup;
			children = (
				1DDD58150DA1D0A300B32029 /* English */,
			);
			name = MainMenu.xib;
			sourceTree = "<group>";
		};
/* End PBXVariantGroup section */

/* Begin XCBuildConfiguration section */
		C01FCF4B08A954540054247B /* Debug */ = {
			isa = XCBuildConfiguration;
			buildSettings = {
				ALWAYS_SEARCH_USER_PATHS = NO;
				COPY_PHASE_STRIP = NO;
				FRAMEWORK_SEARCH_PATHS = (
					"$(inherited)",
					"\"$(SRCROOT)/Dependencies\"",
				);
				GCC_DYNAMIC_NO_PIC = NO;
				GCC_ENABLE_FIX_AND_CONTINUE = YES;
				GCC_MODEL_TUNING = G5;
				GCC_OPTIMIZATION_LEVEL = 0;
				GCC_PRECOMPILE_PREFIX_HEADER = YES;
				GCC_PREFIX_HEADER = Caboose_Prefix.pch;
				INFOPLIST_FILE = "Caboose-Info.plist";
				INSTALL_PATH = "$(HOME)/Applications";
				PRODUCT_NAME = Caboose;
			};
			name = Debug;
		};
		C01FCF4C08A954540054247B /* Release */ = {
			isa = XCBuildConfiguration;
			buildSettings = {
				ALWAYS_SEARCH_USER_PATHS = NO;
				DEBUG_INFORMATION_FORMAT = "dwarf-with-dsym";
				FRAMEWORK_SEARCH_PATHS = (
					"$(inherited)",
					"\"$(SRCROOT)/Dependencies\"",
				);
				GCC_MODEL_TUNING = G5;
				GCC_PRECOMPILE_PREFIX_HEADER = YES;
				GCC_PREFIX_HEADER = Caboose_Prefix.pch;
				INFOPLIST_FILE = "Caboose-Info.plist";
				INSTALL_PATH = "$(HOME)/Applications";
				PRODUCT_NAME = Caboose;
			};
			name = Release;
		};
		C01FCF4F08A954540054247B /* Debug */ = {
			isa = XCBuildConfiguration;
			buildSettings = {
				ARCHS = "$(ARCHS_STANDARD_32_64_BIT)";
				GCC_C_LANGUAGE_STANDARD = gnu99;
				GCC_OPTIMIZATION_LEVEL = 0;
				GCC_WARN_ABOUT_RETURN_TYPE = YES;
				GCC_WARN_UNUSED_VARIABLE = YES;
				ONLY_ACTIVE_ARCH = YES;
				PREBINDING = NO;
				SDKROOT = macosx10.6;
			};
			name = Debug;
		};
		C01FCF5008A954540054247B /* Release */ = {
			isa = XCBuildConfiguration;
			buildSettings = {
				ARCHS = "$(ARCHS_STANDARD_32_64_BIT)";
				GCC_C_LANGUAGE_STANDARD = gnu99;
				GCC_WARN_ABOUT_RETURN_TYPE = YES;
				GCC_WARN_UNUSED_VARIABLE = YES;
				PREBINDING = NO;
				SDKROOT = macosx10.6;
			};
			name = Release;
		};
/* End XCBuildConfiguration section */

/* Begin XCConfigurationList section */
		C01FCF4A08A954540054247B /* Build configuration list for PBXNativeTarget "Caboose" */ = {
			isa = XCConfigurationList;
			buildConfigurations = (
				C01FCF4B08A954540054247B /* Debug */,
				C01FCF4C08A954540054247B /* Release */,
			);
			defaultConfigurationIsVisible = 0;
			defaultConfigurationName = Release;
		};
		C01FCF4E08A954540054247B /* Build configuration list for PBXProject "Caboose" */ = {
			isa = XCConfigurationList;
			buildConfigurations = (
				C01FCF4F08A954540054247B /* Debug */,
				C01FCF5008A954540054247B /* Release */,
			);
			defaultConfigurationIsVisible = 0;
			defaultConfigurationName = Release;
		};
/* End XCConfigurationList section */
	};
	rootObject = 29B97313FDCFA39411CA2CEA /* Project object */;
}
